
Microsoft Visual Studio Solution File, Format Version 12.00
# Visual Studio 14
VisualStudioVersion = 14.0.25420.1
MinimumVisualStudioVersion = 10.0.40219.1
Project("{FAE04EC0-301F-11D3-BF4B-00C04F79EFBC}") = "MonsterTraining", "MonsterTraining\MonsterTraining.csproj", "{480412F1-57E9-46B7-AD14-DB5137E3CC54}"
EndProject
Project("{FAE04EC0-301F-11D3-BF4B-00C04F79EFBC}") = "MonsterTraining.Tests", "MonsterTraining.Tests\MonsterTraining.Tests.csproj", "{A7731294-7026-4FE2-B5E5-EB0FA00A5496}"
EndProject
Global
	GlobalSection(SolutionConfigurationPlatforms) = preSolution
		Debug|Any CPU = Debug|Any CPU
		Release|Any CPU = Release|Any CPU
	EndGlobalSection
	GlobalSection(ProjectConfigurationPlatforms) = postSolution
		{480412F1-57E9-46B7-AD14-DB5137E3CC54}.Debug|Any CPU.ActiveCfg = Debug|Any CPU
		{480412F1-57E9-46B7-AD14-DB5137E3CC54}.Debug|Any CPU.Build.0 = Debug|Any CPU
		{480412F1-57E9-46B7-AD14-DB5137E3CC54}.Release|Any CPU.ActiveCfg = Release|Any CPU
		{480412F1-57E9-46B7-AD14-DB5137E3CC54}.Release|Any CPU.Build.0 = Release|Any CPU
		{A7731294-7026-4FE2-B5E5-EB0FA00A5496}.Debug|Any CPU.ActiveCfg = Debug|Any CPU
		{A7731294-7026-4FE2-B5E5-EB0FA00A5496}.Debug|Any CPU.Build.0 = Debug|Any CPU
		{A7731294-7026-4FE2-B5E5-EB0FA00A5496}.Release|Any CPU.ActiveCfg = Release|Any CPU
		{A7731294-7026-4FE2-B5E5-EB0FA00A5496}.Release|Any CPU.Build.0 = Release|Any CPU
	EndGlobalSection
	GlobalSection(SolutionProperties) = preSolution
		HideSolutionNode = FALSE
	EndGlobalSection
EndGlobal
